// !$*UTF8*$!
{
	archiveVersion = 1;
	classes = {
	};
	objectVersion = 50;
	objects = {

/* Begin PBXBuildFile section */
		AF95732028AC16E4001CA9FD /* AppDelegate.swift in Sources */ = {isa = PBXBuildFile; fileRef = AF95731F28AC16E4001CA9FD /* AppDelegate.swift */; };
		AF95732228AC16E4001CA9FD /* SceneDelegate.swift in Sources */ = {isa = PBXBuildFile; fileRef = AF95732128AC16E4001CA9FD /* SceneDelegate.swift */; };
		AF95732428AC16E4001CA9FD /* ViewController.swift in Sources */ = {isa = PBXBuildFile; fileRef = AF95732328AC16E4001CA9FD /* ViewController.swift */; };
		AF95732728AC16E4001CA9FD /* Main.storyboard in Resources */ = {isa = PBXBuildFile; fileRef = AF95732528AC16E4001CA9FD /* Main.storyboard */; };
		AF95732A28AC16E4001CA9FD /* KWKFinalProject.xcdatamodeld in Sources */ = {isa = PBXBuildFile; fileRef = AF95732828AC16E4001CA9FD /* KWKFinalProject.xcdatamodeld */; };
		AF95732C28AC16E6001CA9FD /* Assets.xcassets in Resources */ = {isa = PBXBuildFile; fileRef = AF95732B28AC16E6001CA9FD /* Assets.xcassets */; };
		AF95732F28AC16E6001CA9FD /* LaunchScreen.storyboard in Resources */ = {isa = PBXBuildFile; fileRef = AF95732D28AC16E6001CA9FD /* LaunchScreen.storyboard */; };
/* End PBXBuildFile section */

/* Begin PBXFileReference section */
		AF95731C28AC16E4001CA9FD /* KWKFinalProject.app */ = {isa = PBXFileReference; explicitFileType = wrapper.application; includeInIndex = 0; path = KWKFinalProject.app; sourceTree = BUILT_PRODUCTS_DIR; };
		AF95731F28AC16E4001CA9FD /* AppDelegate.swift */ = {isa = PBXFileReference; lastKnownFileType = sourcecode.swift; path = AppDelegate.swift; sourceTree = "<group>"; };
		AF95732128AC16E4001CA9FD /* SceneDelegate.swift */ = {isa = PBXFileReference; lastKnownFileType = sourcecode.swift; path = SceneDelegate.swift; sourceTree = "<group>"; };
		AF95732328AC16E4001CA9FD /* ViewController.swift */ = {isa = PBXFileReference; lastKnownFileType = sourcecode.swift; path = ViewController.swift; sourceTree = "<group>"; };
		AF95732628AC16E4001CA9FD /* Base */ = {isa = PBXFileReference; lastKnownFileType = file.storyboard; name = Base; path = Base.lproj/Main.storyboard; sourceTree = "<group>"; };
		AF95732928AC16E4001CA9FD /* KWKFinalProject.xcdatamodel */ = {isa = PBXFileReference; lastKnownFileType = wrapper.xcdatamodel; path = KWKFinalProject.xcdatamodel; sourceTree = "<group>"; };
		AF95732B28AC16E6001CA9FD /* Assets.xcassets */ = {isa = PBXFileReference; lastKnownFileType = folder.assetcatalog; path = Assets.xcassets; sourceTree = "<group>"; };
		AF95732E28AC16E6001CA9FD /* Base */ = {isa = PBXFileReference; lastKnownFileType = file.storyboard; name = Base; path = Base.lproj/LaunchScreen.storyboard; sourceTree = "<group>"; };
		AF95733028AC16E6001CA9FD /* Info.plist */ = {isa = PBXFileReference; lastKnownFileType = text.plist.xml; path = Info.plist; sourceTree = "<group>"; };
/* End PBXFileReference section */

/* Begin PBXFrameworksBuildPhase section */
		AF95731928AC16E4001CA9FD /* Frameworks */ = {
			isa = PBXFrameworksBuildPhase;
			buildActionMask = 2147483647;
			files = (
			);
			runOnlyForDeploymentPostprocessing = 0;
		};
/* End PBXFrameworksBuildPhase section */

/* Begin PBXGroup section */
		AF95731328AC16E4001CA9FD = {
			isa = PBXGroup;
			children = (
				AF95731E28AC16E4001CA9FD /* KWKFinalProject */,
				AF95731D28AC16E4001CA9FD /* Products */,
			);
			sourceTree = "<group>";
		};
		AF95731D28AC16E4001CA9FD /* Products */ = {
			isa = PBXGroup;
			children = (
				AF95731C28AC16E4001CA9FD /* KWKFinalProject.app */,
			);
			name = Products;
			sourceTree = "<group>";
		};
		AF95731E28AC16E4001CA9FD /* KWKFinalProject */ = {
			isa = PBXGroup;
			children = (
				AF95731F28AC16E4001CA9FD /* AppDelegate.swift */,
				AF95732128AC16E4001CA9FD /* SceneDelegate.swift */,
				AF95732328AC16E4001CA9FD /* ViewController.swift */,
				AF95732528AC16E4001CA9FD /* Main.storyboard */,
				AF95732B28AC16E6001CA9FD /* Assets.xcassets */,
				AF95732D28AC16E6001CA9FD /* LaunchScreen.storyboard */,
				AF95733028AC16E6001CA9FD /* Info.plist */,
				AF95732828AC16E4001CA9FD /* KWKFinalProject.xcdatamodeld */,
			);
			path = KWKFinalProject;
			sourceTree = "<group>";
		};
/* End PBXGroup section */

/* Begin PBXNativeTarget section */
		AF95731B28AC16E4001CA9FD /* KWKFinalProject */ = {
			isa = PBXNativeTarget;
			buildConfigurationList = AF95733328AC16E6001CA9FD /* Build configuration list for PBXNativeTarget "KWKFinalProject" */;
			buildPhases = (
				AF95731828AC16E4001CA9FD /* Sources */,
				AF95731928AC16E4001CA9FD /* Frameworks */,
				AF95731A28AC16E4001CA9FD /* Resources */,
			);
			buildRules = (
			);
			dependencies = (
			);
			name = KWKFinalProject;
			productName = KWKFinalProject;
			productReference = AF95731C28AC16E4001CA9FD /* KWKFinalProject.app */;
			productType = "com.apple.product-type.application";
		};
/* End PBXNativeTarget section */

/* Begin PBXProject section */
		AF95731428AC16E4001CA9FD /* Project object */ = {
			isa = PBXProject;
			attributes = {
				LastSwiftUpdateCheck = 1250;
				LastUpgradeCheck = 1250;
				TargetAttributes = {
					AF95731B28AC16E4001CA9FD = {
						CreatedOnToolsVersion = 12.5.1;
					};
				};
			};
			buildConfigurationList = AF95731728AC16E4001CA9FD /* Build configuration list for PBXProject "KWKFinalProject" */;
			compatibilityVersion = "Xcode 9.3";
			developmentRegion = en;
			hasScannedForEncodings = 0;
			knownRegions = (
				en,
				Base,
			);
			mainGroup = AF95731328AC16E4001CA9FD;
			productRefGroup = AF95731D28AC16E4001CA9FD /* Products */;
			projectDirPath = "";
			projectRoot = "";
			targets = (
				AF95731B28AC16E4001CA9FD /* KWKFinalProject */,
			);
		};
/* End PBXProject section */

/* Begin PBXResourcesBuildPhase section */
		AF95731A28AC16E4001CA9FD /* Resources */ = {
			isa = PBXResourcesBuildPhase;
			buildActionMask = 2147483647;
			files = (
				AF95732F28AC16E6001CA9FD /* LaunchScreen.storyboard in Resources */,
				AF95732C28AC16E6001CA9FD /* Assets.xcassets in Resources */,
				AF95732728AC16E4001CA9FD /* Main.storyboard in Resources */,
			);
			runOnlyForDeploymentPostprocessing = 0;
		};
/* End PBXResourcesBuildPhase section */

/* Begin PBXSourcesBuildPhase section */
		AF95731828AC16E4001CA9FD /* Sources */ = {
			isa = PBXSourcesBuildPhase;
			buildActionMask = 2147483647;
			files = (
				AF95732428AC16E4001CA9FD /* ViewController.swift in Sources */,
				AF95732028AC16E4001CA9FD /* AppDelegate.swift in Sources */,
				AF95732A28AC16E4001CA9FD /* KWKFinalProject.xcdatamodeld in Sources */,
				AF95732228AC16E4001CA9FD /* SceneDelegate.swift in Sources */,
			);
			runOnlyForDeploymentPostprocessing = 0;
		};
/* End PBXSourcesBuildPhase section */

/* Begin PBXVariantGroup section */
		AF95732528AC16E4001CA9FD /* Main.storyboard */ = {
			isa = PBXVariantGroup;
			children = (
				AF95732628AC16E4001CA9FD /* Base */,
			);
			name = Main.storyboard;
			sourceTree = "<group>";
		};
		AF95732D28AC16E6001CA9FD /* LaunchScreen.storyboard */ = {
			isa = PBXVariantGroup;
			children = (
				AF95732E28AC16E6001CA9FD /* Base */,
			);
			name = LaunchScreen.storyboard;
			sourceTree = "<group>";
		};
/* End PBXVariantGroup section */

/* Begin XCBuildConfiguration section */
		AF95733128AC16E6001CA9FD /* Debug */ = {
			isa = XCBuildConfiguration;
			buildSettings = {
				ALWAYS_SEARCH_USER_PATHS = NO;
				CLANG_ANALYZER_NONNULL = YES;
				CLANG_ANALYZER_NUMBER_OBJECT_CONVERSION = YES_AGGRESSIVE;
				CLANG_CXX_LANGUAGE_STANDARD = "gnu++14";
				CLANG_CXX_LIBRARY = "libc++";
				CLANG_ENABLE_MODULES = YES;
				CLANG_ENABLE_OBJC_ARC = YES;
				CLANG_ENABLE_OBJC_WEAK = YES;
				CLANG_WARN_BLOCK_CAPTURE_AUTORELEASING = YES;
				CLANG_WARN_BOOL_CONVERSION = YES;
				CLANG_WARN_COMMA = YES;
				CLANG_WARN_CONSTANT_CONVERSION = YES;
				CLANG_WARN_DEPRECATED_OBJC_IMPLEMENTATIONS = YES;
				CLANG_WARN_DIRECT_OBJC_ISA_USAGE = YES_ERROR;
				CLANG_WARN_DOCUMENTATION_COMMENTS = YES;
				CLANG_WARN_EMPTY_BODY = YES;
				CLANG_WARN_ENUM_CONVERSION = YES;
				CLANG_WARN_INFINITE_RECURSION = YES;
				CLANG_WARN_INT_CONVERSION = YES;
				CLANG_WARN_NON_LITERAL_NULL_CONVERSION = YES;
				CLANG_WARN_OBJC_IMPLICIT_RETAIN_SELF = YES;
				CLANG_WARN_OBJC_LITERAL_CONVERSION = YES;
				CLANG_WARN_OBJC_ROOT_CLASS = YES_ERROR;
				CLANG_WARN_QUOTED_INCLUDE_IN_FRAMEWORK_HEADER = YES;
				CLANG_WARN_RANGE_LOOP_ANALYSIS = YES;
				CLANG_WARN_STRICT_PROTOTYPES = YES;
				CLANG_WARN_SUSPICIOUS_MOVE = YES;
				CLANG_WARN_UNGUARDED_AVAILABILITY = YES_AGGRESSIVE;
				CLANG_WARN_UNREACHABLE_CODE = YES;
				CLANG_WARN__DUPLICATE_METHOD_MATCH = YES;
				COPY_PHASE_STRIP = NO;
				DEBUG_INFORMATION_FORMAT = dwarf;
				ENABLE_STRICT_OBJC_MSGSEND = YES;
				ENABLE_TESTABILITY = YES;
				GCC_C_LANGUAGE_STANDARD = gnu11;
				GCC_DYNAMIC_NO_PIC = NO;
				GCC_NO_COMMON_BLOCKS = YES;
				GCC_OPTIMIZATION_LEVEL = 0;
				GCC_PREPROCESSOR_DEFINITIONS = (
					"DEBUG=1",
					"$(inherited)",
				);
				GCC_WARN_64_TO_32_BIT_CONVERSION = YES;
				GCC_WARN_ABOUT_RETURN_TYPE = YES_ERROR;
				GCC_WARN_UNDECLARED_SELECTOR = YES;
				GCC_WARN_UNINITIALIZED_AUTOS = YES_AGGRESSIVE;
				GCC_WARN_UNUSED_FUNCTION = YES;
				GCC_WARN_UNUSED_VARIABLE = YES;
				IPHONEOS_DEPLOYMENT_TARGET = 14.5;
				MTL_ENABLE_DEBUG_INFO = INCLUDE_SOURCE;
				MTL_FAST_MATH = YES;
				ONLY_ACTIVE_ARCH = YES;
				SDKROOT = iphoneos;
				SWIFT_ACTIVE_COMPILATION_CONDITIONS = DEBUG;
				SWIFT_OPTIMIZATION_LEVEL = "-Onone";
			};
			name = Debug;
		};
		AF95733228AC16E6001CA9FD /* Release */ = {
			isa = XCBuildConfiguration;
			buildSettings = {
				ALWAYS_SEARCH_USER_PATHS = NO;
				CLANG_ANALYZER_NONNULL = YES;
				CLANG_ANALYZER_NUMBER_OBJECT_CONVERSION = YES_AGGRESSIVE;
				CLANG_CXX_LANGUAGE_STANDARD = "gnu++14";
				CLANG_CXX_LIBRARY = "libc++";
				CLANG_ENABLE_MODULES = YES;
				CLANG_ENABLE_OBJC_ARC = YES;
				CLANG_ENABLE_OBJC_WEAK = YES;
				CLANG_WARN_BLOCK_CAPTURE_AUTORELEASING = YES;
				CLANG_WARN_BOOL_CONVERSION = YES;
				CLANG_WARN_COMMA = YES;
				CLANG_WARN_CONSTANT_CONVERSION = YES;
				CLANG_WARN_DEPRECATED_OBJC_IMPLEMENTATIONS = YES;
				CLANG_WARN_DIRECT_OBJC_ISA_USAGE = YES_ERROR;
				CLANG_WARN_DOCUMENTATION_COMMENTS = YES;
				CLANG_WARN_EMPTY_BODY = YES;
				CLANG_WARN_ENUM_CONVERSION = YES;
				CLANG_WARN_INFINITE_RECURSION = YES;
				CLANG_WARN_INT_CONVERSION = YES;
				CLANG_WARN_NON_LITERAL_NULL_CONVERSION = YES;
				CLANG_WARN_OBJC_IMPLICIT_RETAIN_SELF = YES;
				CLANG_WARN_OBJC_LITERAL_CONVERSION = YES;
				CLANG_WARN_OBJC_ROOT_CLASS = YES_ERROR;
				CLANG_WARN_QUOTED_INCLUDE_IN_FRAMEWORK_HEADER = YES;
				CLANG_WARN_RANGE_LOOP_ANALYSIS = YES;
				CLANG_WARN_STRICT_PROTOTYPES = YES;
				CLANG_WARN_SUSPICIOUS_MOVE = YES;
				CLANG_WARN_UNGUARDED_AVAILABILITY = YES_AGGRESSIVE;
				CLANG_WARN_UNREACHABLE_CODE = YES;
				CLANG_WARN__DUPLICATE_METHOD_MATCH = YES;
				COPY_PHASE_STRIP = NO;
				DEBUG_INFORMATION_FORMAT = "dwarf-with-dsym";
				ENABLE_NS_ASSERTIONS = NO;
				ENABLE_STRICT_OBJC_MSGSEND = YES;
				GCC_C_LANGUAGE_STANDARD = gnu11;
				GCC_NO_COMMON_BLOCKS = YES;
				GCC_WARN_64_TO_32_BIT_CONVERSION = YES;
				GCC_WARN_ABOUT_RETURN_TYPE = YES_ERROR;
				GCC_WARN_UNDECLARED_SELECTOR = YES;
				GCC_WARN_UNINITIALIZED_AUTOS = YES_AGGRESSIVE;
				GCC_WARN_UNUSED_FUNCTION = YES;
				GCC_WARN_UNUSED_VARIABLE = YES;
				IPHONEOS_DEPLOYMENT_TARGET = 14.5;
				MTL_ENABLE_DEBUG_INFO = NO;
				MTL_FAST_MATH = YES;
				SDKROOT = iphoneos;
				SWIFT_COMPILATION_MODE = wholemodule;
				SWIFT_OPTIMIZATION_LEVEL = "-O";
				VALIDATE_PRODUCT = YES;
			};
			name = Release;
		};
		AF95733428AC16E6001CA9FD /* Debug */ = {
			isa = XCBuildConfiguration;
			buildSettings = {
				ASSETCATALOG_COMPILER_APPICON_NAME = AppIcon;
				ASSETCATALOG_COMPILER_GLOBAL_ACCENT_COLOR_NAME = AccentColor;
				CODE_SIGN_STYLE = Automatic;
				INFOPLIST_FILE = KWKFinalProject/Info.plist;
				LD_RUNPATH_SEARCH_PATHS = (
					"$(inherited)",
					"@executable_path/Frameworks",
				);
				PRODUCT_BUNDLE_IDENTIFIER = com.example.KWKFinalProject;
				PRODUCT_NAME = "$(TARGET_NAME)";
				SWIFT_VERSION = 5.0;
				TARGETED_DEVICE_FAMILY = "1,2";
			};
			name = Debug;
		};
		AF95733528AC16E6001CA9FD /* Release */ = {
			isa = XCBuildConfiguration;
			buildSettings = {
				ASSETCATALOG_COMPILER_APPICON_NAME = AppIcon;
				ASSETCATALOG_COMPILER_GLOBAL_ACCENT_COLOR_NAME = AccentColor;
				CODE_SIGN_STYLE = Automatic;
				INFOPLIST_FILE = KWKFinalProject/Info.plist;
				LD_RUNPATH_SEARCH_PATHS = (
					"$(inherited)",
					"@executable_path/Frameworks",
				);
				PRODUCT_BUNDLE_IDENTIFIER = com.example.KWKFinalProject;
				PRODUCT_NAME = "$(TARGET_NAME)";
				SWIFT_VERSION = 5.0;
				TARGETED_DEVICE_FAMILY = "1,2";
			};
			name = Release;
		};
/* End XCBuildConfiguration section */

/* Begin XCConfigurationList section */
		AF95731728AC16E4001CA9FD /* Build configuration list for PBXProject "KWKFinalProject" */ = {
			isa = XCConfigurationList;
			buildConfigurations = (
				AF95733128AC16E6001CA9FD /* Debug */,
				AF95733228AC16E6001CA9FD /* Release */,
			);
			defaultConfigurationIsVisible = 0;
			defaultConfigurationName = Release;
		};
		AF95733328AC16E6001CA9FD /* Build configuration list for PBXNativeTarget "KWKFinalProject" */ = {
			isa = XCConfigurationList;
			buildConfigurations = (
				AF95733428AC16E6001CA9FD /* Debug */,
				AF95733528AC16E6001CA9FD /* Release */,
			);
			defaultConfigurationIsVisible = 0;
			defaultConfigurationName = Release;
		};
/* End XCConfigurationList section */

/* Begin XCVersionGroup section */
		AF95732828AC16E4001CA9FD /* KWKFinalProject.xcdatamodeld */ = {
			isa = XCVersionGroup;
			children = (
				AF95732928AC16E4001CA9FD /* KWKFinalProject.xcdatamodel */,
			);
			currentVersion = AF95732928AC16E4001CA9FD /* KWKFinalProject.xcdatamodel */;
			path = KWKFinalProject.xcdatamodeld;
			sourceTree = "<group>";
			versionGroupType = wrapper.xcdatamodel;
		};
/* End XCVersionGroup section */
	};
	rootObject = AF95731428AC16E4001CA9FD /* Project object */;
}
